lockfileVersion: '9.0'

settings:
  autoInstallPeers: true
  excludeLinksFromLockfile: false

importers:

  .:
    dependencies:
      '@faker-js/faker':
        specifier: ^8.4.1
        version: 8.4.1
      '@hono/node-server':
        specifier: ^1.12.0
        version: 1.12.0
      '@hono/zod-validator':
        specifier: ^0.2.2
        version: 0.2.2(hono@4.4.11)(zod@3.23.8)
      '@lucia-auth/adapter-drizzle':
        specifier: ^1.0.7
        version: 1.0.7(lucia@3.2.0)
      '@lucia-auth/adapter-mongodb':
        specifier: ^1.0.3
        version: 1.0.3(lucia@3.2.0)(mongodb@6.8.0)
      '@lucia-auth/adapter-mongoose':
        specifier: ^3.0.1
        version: 3.0.1(lucia@3.2.0)(mongoose@8.6.1)
      '@node-rs/argon2':
        specifier: ^1.8.3
        version: 1.8.3
      bson:
        specifier: ^6.8.0
        version: 6.8.0
      dotenv:
        specifier: ^16.4.5
        version: 16.4.5
      faker:
        specifier: ^6.6.6
        version: 6.6.6
      faker-js:
        specifier: ^1.0.0
        version: 1.0.0
      hono:
        specifier: ^4.4.11
        version: 4.4.11
      lucia:
        specifier: ^3.2.0
        version: 3.2.0
      mongoose:
        specifier: ^8.6.1
        version: 8.6.1
      zod:
        specifier: ^3.23.8
        version: 3.23.8
    devDependencies:
      '@types/node':
        specifier: ^20.11.17
        version: 20.14.9
      prettier:
        specifier: ^3.3.2
        version: 3.3.2
      tsx:
        specifier: ^4.7.1
        version: 4.16.2

packages:

  '@emnapi/core@0.45.0':
    resolution: {integrity: sha512-DPWjcUDQkCeEM4VnljEOEcXdAD7pp8zSZsgOujk/LGIwCXWbXJngin+MO4zbH429lzeC3WbYLGjE2MaUOwzpyw==}

  '@emnapi/core@1.2.0':
    resolution: {integrity: sha512-E7Vgw78I93we4ZWdYCb4DGAwRROGkMIXk7/y87UmANR+J6qsWusmC3gLt0H+O0KOt5e6O38U8oJamgbudrES/w==}

  '@emnapi/runtime@0.45.0':
    resolution: {integrity: sha512-Txumi3td7J4A/xTTwlssKieHKTGl3j4A1tglBx72auZ49YK7ePY6XZricgIg9mnZT4xPfA+UPCUdnhRuEFDL+w==}

  '@emnapi/runtime@1.2.0':
    resolution: {integrity: sha512-bV21/9LQmcQeCPEg3BDFtvwL6cwiTMksYNWQQ4KOxCZikEGalWtenoZ0wCiukJINlGCIi2KXx01g4FoH/LxpzQ==}

  '@emnapi/wasi-threads@1.0.1':
    resolution: {integrity: sha512-iIBu7mwkq4UQGeMEM8bLwNK962nXdhodeScX4slfQnRhEMMzvYivHhutCIk8uojvmASXXPC2WNEjwxFWk72Oqw==}

  '@esbuild/aix-ppc64@0.21.5':
    resolution: {integrity: sha512-1SDgH6ZSPTlggy1yI6+Dbkiz8xzpHJEVAlF/AM1tHPLsf5STom9rwtjE4hKAF20FfXXNTFqEYXyJNWh1GiZedQ==}
    engines: {node: '>=12'}
    cpu: [ppc64]
    os: [aix]

  '@esbuild/android-arm64@0.21.5':
    resolution: {integrity: sha512-c0uX9VAUBQ7dTDCjq+wdyGLowMdtR/GoC2U5IYk/7D1H1JYC0qseD7+11iMP2mRLN9RcCMRcjC4YMclCzGwS/A==}
    engines: {node: '>=12'}
    cpu: [arm64]
    os: [android]

  '@esbuild/android-arm@0.21.5':
    resolution: {integrity: sha512-vCPvzSjpPHEi1siZdlvAlsPxXl7WbOVUBBAowWug4rJHb68Ox8KualB+1ocNvT5fjv6wpkX6o/iEpbDrf68zcg==}
    engines: {node: '>=12'}
    cpu: [arm]
    os: [android]

  '@esbuild/android-x64@0.21.5':
    resolution: {integrity: sha512-D7aPRUUNHRBwHxzxRvp856rjUHRFW1SdQATKXH2hqA0kAZb1hKmi02OpYRacl0TxIGz/ZmXWlbZgjwWYaCakTA==}
    engines: {node: '>=12'}
    cpu: [x64]
    os: [android]

  '@esbuild/darwin-arm64@0.21.5':
    resolution: {integrity: sha512-DwqXqZyuk5AiWWf3UfLiRDJ5EDd49zg6O9wclZ7kUMv2WRFr4HKjXp/5t8JZ11QbQfUS6/cRCKGwYhtNAY88kQ==}
    engines: {node: '>=12'}
    cpu: [arm64]
    os: [darwin]

  '@esbuild/darwin-x64@0.21.5':
    resolution: {integrity: sha512-se/JjF8NlmKVG4kNIuyWMV/22ZaerB+qaSi5MdrXtd6R08kvs2qCN4C09miupktDitvh8jRFflwGFBQcxZRjbw==}
    engines: {node: '>=12'}
    cpu: [x64]
    os: [darwin]

  '@esbuild/freebsd-arm64@0.21.5':
    resolution: {integrity: sha512-5JcRxxRDUJLX8JXp/wcBCy3pENnCgBR9bN6JsY4OmhfUtIHe3ZW0mawA7+RDAcMLrMIZaf03NlQiX9DGyB8h4g==}
    engines: {node: '>=12'}
    cpu: [arm64]
    os: [freebsd]

  '@esbuild/freebsd-x64@0.21.5':
    resolution: {integrity: sha512-J95kNBj1zkbMXtHVH29bBriQygMXqoVQOQYA+ISs0/2l3T9/kj42ow2mpqerRBxDJnmkUDCaQT/dfNXWX/ZZCQ==}
    engines: {node: '>=12'}
    cpu: [x64]
    os: [freebsd]

  '@esbuild/linux-arm64@0.21.5':
    resolution: {integrity: sha512-ibKvmyYzKsBeX8d8I7MH/TMfWDXBF3db4qM6sy+7re0YXya+K1cem3on9XgdT2EQGMu4hQyZhan7TeQ8XkGp4Q==}
    engines: {node: '>=12'}
    cpu: [arm64]
    os: [linux]

  '@esbuild/linux-arm@0.21.5':
    resolution: {integrity: sha512-bPb5AHZtbeNGjCKVZ9UGqGwo8EUu4cLq68E95A53KlxAPRmUyYv2D6F0uUI65XisGOL1hBP5mTronbgo+0bFcA==}
    engines: {node: '>=12'}
    cpu: [arm]
    os: [linux]

  '@esbuild/linux-ia32@0.21.5':
    resolution: {integrity: sha512-YvjXDqLRqPDl2dvRODYmmhz4rPeVKYvppfGYKSNGdyZkA01046pLWyRKKI3ax8fbJoK5QbxblURkwK/MWY18Tg==}
    engines: {node: '>=12'}
    cpu: [ia32]
    os: [linux]

  '@esbuild/linux-loong64@0.21.5':
    resolution: {integrity: sha512-uHf1BmMG8qEvzdrzAqg2SIG/02+4/DHB6a9Kbya0XDvwDEKCoC8ZRWI5JJvNdUjtciBGFQ5PuBlpEOXQj+JQSg==}
    engines: {node: '>=12'}
    cpu: [loong64]
    os: [linux]

  '@esbuild/linux-mips64el@0.21.5':
    resolution: {integrity: sha512-IajOmO+KJK23bj52dFSNCMsz1QP1DqM6cwLUv3W1QwyxkyIWecfafnI555fvSGqEKwjMXVLokcV5ygHW5b3Jbg==}
    engines: {node: '>=12'}
    cpu: [mips64el]
    os: [linux]

  '@esbuild/linux-ppc64@0.21.5':
    resolution: {integrity: sha512-1hHV/Z4OEfMwpLO8rp7CvlhBDnjsC3CttJXIhBi+5Aj5r+MBvy4egg7wCbe//hSsT+RvDAG7s81tAvpL2XAE4w==}
    engines: {node: '>=12'}
    cpu: [ppc64]
    os: [linux]

  '@esbuild/linux-riscv64@0.21.5':
    resolution: {integrity: sha512-2HdXDMd9GMgTGrPWnJzP2ALSokE/0O5HhTUvWIbD3YdjME8JwvSCnNGBnTThKGEB91OZhzrJ4qIIxk/SBmyDDA==}
    engines: {node: '>=12'}
    cpu: [riscv64]
    os: [linux]

  '@esbuild/linux-s390x@0.21.5':
    resolution: {integrity: sha512-zus5sxzqBJD3eXxwvjN1yQkRepANgxE9lgOW2qLnmr8ikMTphkjgXu1HR01K4FJg8h1kEEDAqDcZQtbrRnB41A==}
    engines: {node: '>=12'}
    cpu: [s390x]
    os: [linux]

  '@esbuild/linux-x64@0.21.5':
    resolution: {integrity: sha512-1rYdTpyv03iycF1+BhzrzQJCdOuAOtaqHTWJZCWvijKD2N5Xu0TtVC8/+1faWqcP9iBCWOmjmhoH94dH82BxPQ==}
    engines: {node: '>=12'}
    cpu: [x64]
    os: [linux]

  '@esbuild/netbsd-x64@0.21.5':
    resolution: {integrity: sha512-Woi2MXzXjMULccIwMnLciyZH4nCIMpWQAs049KEeMvOcNADVxo0UBIQPfSmxB3CWKedngg7sWZdLvLczpe0tLg==}
    engines: {node: '>=12'}
    cpu: [x64]
    os: [netbsd]

  '@esbuild/openbsd-x64@0.21.5':
    resolution: {integrity: sha512-HLNNw99xsvx12lFBUwoT8EVCsSvRNDVxNpjZ7bPn947b8gJPzeHWyNVhFsaerc0n3TsbOINvRP2byTZ5LKezow==}
    engines: {node: '>=12'}
    cpu: [x64]
    os: [openbsd]

  '@esbuild/sunos-x64@0.21.5':
    resolution: {integrity: sha512-6+gjmFpfy0BHU5Tpptkuh8+uw3mnrvgs+dSPQXQOv3ekbordwnzTVEb4qnIvQcYXq6gzkyTnoZ9dZG+D4garKg==}
    engines: {node: '>=12'}
    cpu: [x64]
    os: [sunos]

  '@esbuild/win32-arm64@0.21.5':
    resolution: {integrity: sha512-Z0gOTd75VvXqyq7nsl93zwahcTROgqvuAcYDUr+vOv8uHhNSKROyU961kgtCD1e95IqPKSQKH7tBTslnS3tA8A==}
    engines: {node: '>=12'}
    cpu: [arm64]
    os: [win32]

  '@esbuild/win32-ia32@0.21.5':
    resolution: {integrity: sha512-SWXFF1CL2RVNMaVs+BBClwtfZSvDgtL//G/smwAc5oVK/UPu2Gu9tIaRgFmYFFKrmg3SyAjSrElf0TiJ1v8fYA==}
    engines: {node: '>=12'}
    cpu: [ia32]
    os: [win32]

  '@esbuild/win32-x64@0.21.5':
    resolution: {integrity: sha512-tQd/1efJuzPC6rCFwEvLtci/xNFcTZknmXs98FYDfGE4wP9ClFV98nyKrzJKVPMhdDnjzLhdUyMX4PsQAPjwIw==}
    engines: {node: '>=12'}
    cpu: [x64]
    os: [win32]

  '@faker-js/faker@8.4.1':
    resolution: {integrity: sha512-XQ3cU+Q8Uqmrbf2e0cIC/QN43sTBSC8KF12u29Mb47tWrt2hAgBXSgpZMj4Ao8Uk0iJcU99QsOCaIL8934obCg==}
    engines: {node: ^14.17.0 || ^16.13.0 || >=18.0.0, npm: '>=6.14.13'}

  '@hono/node-server@1.12.0':
    resolution: {integrity: sha512-e6oHjNiErRxsZRZBmc2KucuvY3btlO/XPncIpP2X75bRdTilF9GLjm3NHvKKunpJbbJJj31/FoPTksTf8djAVw==}
    engines: {node: '>=18.14.1'}

  '@hono/zod-validator@0.2.2':
    resolution: {integrity: sha512-dSDxaPV70Py8wuIU2QNpoVEIOSzSXZ/6/B/h4xA7eOMz7+AarKTSGV8E6QwrdcCbBLkpqfJ4Q2TmBO0eP1tCBQ==}
    peerDependencies:
      hono: '>=3.9.0'
      zod: ^3.19.1

  '@lucia-auth/adapter-drizzle@1.0.7':
    resolution: {integrity: sha512-X/V7fLBca8EC/gPXCntwbQpb0+F9oEuRoHElvsi9rCrdnGhCMNxHgwAvgiQ6pes+rIYpyvx4n3hvjqo/fPo03A==}
    peerDependencies:
      lucia: 3.x

  '@lucia-auth/adapter-mongodb@1.0.3':
    resolution: {integrity: sha512-cqbMT6Q4fQei6tYvHNkcVEnioBsDwDNn68+Wo9BYnIsji7zvpzg9EF6yHj2jkiVnudF/6Uv/40cfsPrGcCevUQ==}
    peerDependencies:
      lucia: 3.x
      mongodb: 4.x || 6.x

  '@lucia-auth/adapter-mongoose@3.0.1':
    resolution: {integrity: sha512-l5UlZVYMUAtVpBwXsd14mE26QeSwcbAaWXLg1TXh394uytD5ednoAZhqFmQLUJufeDxhQ6FhRooJIXzCRupI8Q==}
    peerDependencies:
      lucia: ^2.0.0
      mongoose: 6.x - 8.x

  '@mongodb-js/saslprep@1.1.9':
    resolution: {integrity: sha512-tVkljjeEaAhCqTzajSdgbQ6gE6f3oneVwa3iXR6csiEwXXOFsiC6Uh9iAjAhXPtqa/XMDHWjjeNH/77m/Yq2dw==}

  '@napi-rs/wasm-runtime@0.2.4':
    resolution: {integrity: sha512-9zESzOO5aDByvhIAsOy9TbpZ0Ur2AJbUI7UT73kcUTS2mxAMHOBaa1st/jAymNoCtvrit99kkzT1FZuXVcgfIQ==}

  '@node-rs/argon2-android-arm-eabi@1.7.0':
    resolution: {integrity: sha512-udDqkr5P9E+wYX1SZwAVPdyfYvaF4ry9Tm+R9LkfSHbzWH0uhU6zjIwNRp7m+n4gx691rk+lqqDAIP8RLKwbhg==}
    engines: {node: '>= 10'}
    cpu: [arm]
    os: [android]

  '@node-rs/argon2-android-arm-eabi@1.8.3':
    resolution: {integrity: sha512-JFZPlNM0A8Og+Tncb8UZsQrhEMlbHBXPsT3hRoKImzVmTmq28Os0ucFWow0AACp2coLHBSydXH3Dh0lZup3rWw==}
    engines: {node: '>= 10'}
    cpu: [arm]
    os: [android]

  '@node-rs/argon2-android-arm64@1.7.0':
    resolution: {integrity: sha512-s9j/G30xKUx8WU50WIhF0fIl1EdhBGq0RQ06lEhZ0Gi0ap8lhqbE2Bn5h3/G2D1k0Dx+yjeVVNmt/xOQIRG38A==}
    engines: {node: '>= 10'}
    cpu: [arm64]
    os: [android]

  '@node-rs/argon2-android-arm64@1.8.3':
    resolution: {integrity: sha512-zaf8P3T92caeW2xnMA7P1QvRA4pIt/04oilYP44XlTCtMye//vwXDMeK53sl7dvYiJKnzAWDRx41k8vZvpZazg==}
    engines: {node: '>= 10'}
    cpu: [arm64]
    os: [android]

  '@node-rs/argon2-darwin-arm64@1.7.0':
    resolution: {integrity: sha512-ZIz4L6HGOB9U1kW23g+m7anGNuTZ0RuTw0vNp3o+2DWpb8u8rODq6A8tH4JRL79S+Co/Nq608m9uackN2pe0Rw==}
    engines: {node: '>= 10'}
    cpu: [arm64]
    os: [darwin]

  '@node-rs/argon2-darwin-arm64@1.8.3':
    resolution: {integrity: sha512-DV/IbmLGdNXBtXb5o2UI5ba6kvqXqPAJgmMOTUCuHeBSp992GlLHdfU4rzGu0dNrxudBnunNZv+crd0YdEQSUA==}
    engines: {node: '>= 10'}
    cpu: [arm64]
    os: [darwin]

  '@node-rs/argon2-darwin-x64@1.7.0':
    resolution: {integrity: sha512-5oi/pxqVhODW/pj1+3zElMTn/YukQeywPHHYDbcAW3KsojFjKySfhcJMd1DjKTc+CHQI+4lOxZzSUzK7mI14Hw==}
    engines: {node: '>= 10'}
    cpu: [x64]
    os: [darwin]

  '@node-rs/argon2-darwin-x64@1.8.3':
    resolution: {integrity: sha512-YMjmBGFZhLfYjfQ2gll9A+BZu/zAMV7lWZIbKxb7ZgEofILQwuGmExjDtY3Jplido/6leCEdpmlk2oIsME00LA==}
    engines: {node: '>= 10'}
    cpu: [x64]
    os: [darwin]

  '@node-rs/argon2-freebsd-x64@1.7.0':
    resolution: {integrity: sha512-Ify08683hA4QVXYoIm5SUWOY5DPIT/CMB0CQT+IdxQAg/F+qp342+lUkeAtD5bvStQuCx/dFO3bnnzoe2clMhA==}
    engines: {node: '>= 10'}
    cpu: [x64]
    os: [freebsd]

  '@node-rs/argon2-freebsd-x64@1.8.3':
    resolution: {integrity: sha512-Hq3Rj5Yb2RolTG/luRPnv+XiGCbi5nAK25Pc8ou/tVapwX+iktEm/NXbxc5zsMxraYVkCvfdwBjweC5O+KqCGw==}
    engines: {node: '>= 10'}
    cpu: [x64]
    os: [freebsd]

  '@node-rs/argon2-linux-arm-gnueabihf@1.7.0':
    resolution: {integrity: sha512-7DjDZ1h5AUHAtRNjD19RnQatbhL+uuxBASuuXIBu4/w6Dx8n7YPxwTP4MXfsvuRgKuMWiOb/Ub/HJ3kXVCXRkg==}
    engines: {node: '>= 10'}
    cpu: [arm]
    os: [linux]

  '@node-rs/argon2-linux-arm-gnueabihf@1.8.3':
    resolution: {integrity: sha512-x49l8RgzKoG0/V0IXa5rrEl1TcJEc936ctlYFvqcunSOyowZ6kiWtrp1qrbOR8gbaNILl11KTF52vF6+h8UlEQ==}
    engines: {node: '>= 10'}
    cpu: [arm]
    os: [linux]

  '@node-rs/argon2-linux-arm64-gnu@1.7.0':
    resolution: {integrity: sha512-nJDoMP4Y3YcqGswE4DvP080w6O24RmnFEDnL0emdI8Nou17kNYBzP2546Nasx9GCyLzRcYQwZOUjrtUuQ+od2g==}
    engines: {node: '>= 10'}
    cpu: [arm64]
    os: [linux]

  '@node-rs/argon2-linux-arm64-gnu@1.8.3':
    resolution: {integrity: sha512-gJesam/qA63reGkb9qJ2TjFSLBtY41zQh2oei7nfnYsmVQPuHHWItJxEa1Bm21SPW53gZex4jFJbDIgj0+PxIw==}
    engines: {node: '>= 10'}
    cpu: [arm64]
    os: [linux]

  '@node-rs/argon2-linux-arm64-musl@1.7.0':
    resolution: {integrity: sha512-BKWS8iVconhE3jrb9mj6t1J9vwUqQPpzCbUKxfTGJfc+kNL58F1SXHBoe2cDYGnHrFEHTY0YochzXoAfm4Dm/A==}
    engines: {node: '>= 10'}
    cpu: [arm64]
    os: [linux]

  '@node-rs/argon2-linux-arm64-musl@1.8.3':
    resolution: {integrity: sha512-7O6kQdSKzB4Tjx/EBa8zKIxnmLkQE8VdJgPm6Ksrpn+ueo0mx2xf76fIDnbbTCtm3UbB+y+FkTo2wLA7tOqIKg==}
    engines: {node: '>= 10'}
    cpu: [arm64]
    os: [linux]

  '@node-rs/argon2-linux-x64-gnu@1.7.0':
    resolution: {integrity: sha512-EmgqZOlf4Jurk/szW1iTsVISx25bKksVC5uttJDUloTgsAgIGReCpUUO1R24pBhu9ESJa47iv8NSf3yAfGv6jQ==}
    engines: {node: '>= 10'}
    cpu: [x64]
    os: [linux]

  '@node-rs/argon2-linux-x64-gnu@1.8.3':
    resolution: {integrity: sha512-OBH+EFG7BGjFyldaao2H2gSCLmjtrrwf420B1L+lFn7JLW9UAjsIPFKAcWsYwPa/PwYzIge9Y7SGcpqlsSEX0w==}
    engines: {node: '>= 10'}
    cpu: [x64]
    os: [linux]

  '@node-rs/argon2-linux-x64-musl@1.7.0':
    resolution: {integrity: sha512-/o1efYCYIxjfuoRYyBTi2Iy+1iFfhqHCvvVsnjNSgO1xWiWrX0Rrt/xXW5Zsl7vS2Y+yu8PL8KFWRzZhaVxfKA==}
    engines: {node: '>= 10'}
    cpu: [x64]
    os: [linux]

  '@node-rs/argon2-linux-x64-musl@1.8.3':
    resolution: {integrity: sha512-bDbMuyekIxZaN7NaX+gHVkOyABB8bcMEJYeRPW1vCXKHj3brJns1wiUFSxqeUXreupifNVJlQfPt1Y5B/vFXgQ==}
    engines: {node: '>= 10'}
    cpu: [x64]
    os: [linux]

  '@node-rs/argon2-wasm32-wasi@1.7.0':
    resolution: {integrity: sha512-Evmk9VcxqnuwQftfAfYEr6YZYSPLzmKUsbFIMep5nTt9PT4XYRFAERj7wNYp+rOcBenF3X4xoB+LhwcOMTNE5w==}
    engines: {node: '>=14.0.0'}
    cpu: [wasm32]

  '@node-rs/argon2-wasm32-wasi@1.8.3':
    resolution: {integrity: sha512-NBf2cMCDbNKMzp13Pog8ZPmI0M9U4Ak5b95EUjkp17kdKZFds12dwW67EMnj7Zy+pRqby2QLECaWebDYfNENTg==}
    engines: {node: '>=14.0.0'}
    cpu: [wasm32]

  '@node-rs/argon2-win32-arm64-msvc@1.7.0':
    resolution: {integrity: sha512-qgsU7T004COWWpSA0tppDqDxbPLgg8FaU09krIJ7FBl71Sz8SFO40h7fDIjfbTT5w7u6mcaINMQ5bSHu75PCaA==}
    engines: {node: '>= 10'}
    cpu: [arm64]
    os: [win32]

  '@node-rs/argon2-win32-arm64-msvc@1.8.3':
    resolution: {integrity: sha512-AHpPo7UbdW5WWjwreVpgFSY0o1RY4A7cUFaqDXZB2OqEuyrhMxBdZct9PX7PQKI18D85pLsODnR+gvVuTwJ6rQ==}
    engines: {node: '>= 10'}
    cpu: [arm64]
    os: [win32]

  '@node-rs/argon2-win32-ia32-msvc@1.7.0':
    resolution: {integrity: sha512-JGafwWYQ/HpZ3XSwP4adQ6W41pRvhcdXvpzIWtKvX+17+xEXAe2nmGWM6s27pVkg1iV2ZtoYLRDkOUoGqZkCcg==}
    engines: {node: '>= 10'}
    cpu: [ia32]
    os: [win32]

  '@node-rs/argon2-win32-ia32-msvc@1.8.3':
    resolution: {integrity: sha512-bqzn2rcQkEwCINefhm69ttBVVkgHJb/V03DdBKsPFtiX6H47axXKz62d1imi26zFXhOEYxhKbu3js03GobJOLw==}
    engines: {node: '>= 10'}
    cpu: [ia32]
    os: [win32]

  '@node-rs/argon2-win32-x64-msvc@1.7.0':
    resolution: {integrity: sha512-9oq4ShyFakw8AG3mRls0AoCpxBFcimYx7+jvXeAf2OqKNO+mSA6eZ9z7KQeVCi0+SOEUYxMGf5UiGiDb9R6+9Q==}
    engines: {node: '>= 10'}
    cpu: [x64]
    os: [win32]

  '@node-rs/argon2-win32-x64-msvc@1.8.3':
    resolution: {integrity: sha512-ILlrRThdbp5xNR5gwYM2ic1n/vG5rJ8dQZ+YMRqksl+lnTJ/6FDe5BOyIhiPtiDwlCiCtUA+1NxpDB9KlUCAIA==}
    engines: {node: '>= 10'}
    cpu: [x64]
    os: [win32]

  '@node-rs/argon2@1.7.0':
    resolution: {integrity: sha512-zfULc+/tmcWcxn+nHkbyY8vP3+MpEqKORbszt4UkpqZgBgDAAIYvuDN/zukfTgdmo6tmJKKVfzigZOPk4LlIog==}
    engines: {node: '>= 10'}

  '@node-rs/argon2@1.8.3':
    resolution: {integrity: sha512-sf/QAEI59hsMEEE2J8vO4hKrXrv4Oplte3KI2N4MhMDYpytH0drkVfErmHBfWFZxxIEK03fX1WsBNswS2nIZKg==}
    engines: {node: '>= 10'}

  '@node-rs/bcrypt-android-arm-eabi@1.9.0':
    resolution: {integrity: sha512-nOCFISGtnodGHNiLrG0WYLWr81qQzZKYfmwHc7muUeq+KY0sQXyHOwZk9OuNQAWv/lnntmtbwkwT0QNEmOyLvA==}
    engines: {node: '>= 10'}
    cpu: [arm]
    os: [android]

  '@node-rs/bcrypt-android-arm64@1.9.0':
    resolution: {integrity: sha512-+ZrIAtigVmjYkqZQTThHVlz0+TG6D+GDHWhVKvR2DifjtqJ0i+mb9gjo++hN+fWEQdWNGxKCiBBjwgT4EcXd6A==}
    engines: {node: '>= 10'}
    cpu: [arm64]
    os: [android]

  '@node-rs/bcrypt-darwin-arm64@1.9.0':
    resolution: {integrity: sha512-CQiS+F9Pa0XozvkXR1g7uXE9QvBOPOplDg0iCCPRYTN9PqA5qYxhwe48G3o+v2UeQceNRrbnEtWuANm7JRqIhw==}
    engines: {node: '>= 10'}
    cpu: [arm64]
    os: [darwin]

  '@node-rs/bcrypt-darwin-x64@1.9.0':
    resolution: {integrity: sha512-4pTKGawYd7sNEjdJ7R/R67uwQH1VvwPZ0SSUMmeNHbxD5QlwAPXdDH11q22uzVXsvNFZ6nGQBg8No5OUGpx6Ug==}
    engines: {node: '>= 10'}
    cpu: [x64]
    os: [darwin]

  '@node-rs/bcrypt-freebsd-x64@1.9.0':
    resolution: {integrity: sha512-UmWzySX4BJhT/B8xmTru6iFif3h0Rpx3TqxRLCcbgmH43r7k5/9QuhpiyzpvKGpKHJCFNm4F3rC2wghvw5FCIg==}
    engines: {node: '>= 10'}
    cpu: [x64]
    os: [freebsd]

  '@node-rs/bcrypt-linux-arm-gnueabihf@1.9.0':
    resolution: {integrity: sha512-8qoX4PgBND2cVwsbajoAWo3NwdfJPEXgpCsZQZURz42oMjbGyhhSYbovBCskGU3EBLoC8RA2B1jFWooeYVn5BA==}
    engines: {node: '>= 10'}
    cpu: [arm]
    os: [linux]

  '@node-rs/bcrypt-linux-arm64-gnu@1.9.0':
    resolution: {integrity: sha512-TuAC6kx0SbcIA4mSEWPi+OCcDjTQUMl213v5gMNlttF+D4ieIZx6pPDGTaMO6M2PDHTeCG0CBzZl0Lu+9b0c7Q==}
    engines: {node: '>= 10'}
    cpu: [arm64]
    os: [linux]

  '@node-rs/bcrypt-linux-arm64-musl@1.9.0':
    resolution: {integrity: sha512-/sIvKDABOI8QOEnLD7hIj02BVaNOuCIWBKvxcJOt8+TuwJ6zmY1UI5kSv9d99WbiHjTp97wtAUbZQwauU4b9ew==}
    engines: {node: '>= 10'}
    cpu: [arm64]
    os: [linux]

  '@node-rs/bcrypt-linux-x64-gnu@1.9.0':
    resolution: {integrity: sha512-DyyhDHDsLBsCKz1tZ1hLvUZSc1DK0FU0v52jK6IBQxrj24WscSU9zZe7ie/V9kdmA4Ep57BfpWX8Dsa2JxGdgQ==}
    engines: {node: '>= 10'}
    cpu: [x64]
    os: [linux]

  '@node-rs/bcrypt-linux-x64-musl@1.9.0':
    resolution: {integrity: sha512-duIiuqQ+Lew8ASSAYm6ZRqcmfBGWwsi81XLUwz86a2HR7Qv6V4yc3ZAUQovAikhjCsIqe8C11JlAZSK6+PlXYg==}
    engines: {node: '>= 10'}
    cpu: [x64]
    os: [linux]

  '@node-rs/bcrypt-wasm32-wasi@1.9.0':
    resolution: {integrity: sha512-ylaGmn9Wjwv/D5lxtawttx3H6Uu2WTTR7lWlRHGT6Ga/MB1Vj4OjSGUW8G8zIVnKuXpGbZ92pgHlt4HUpSLctw==}
    engines: {node: '>=14.0.0'}
    cpu: [wasm32]

  '@node-rs/bcrypt-win32-arm64-msvc@1.9.0':
    resolution: {integrity: sha512-2h86gF7QFyEzODuDFml/Dp1MSJoZjxJ4yyT2Erf4NkwsiA5MqowUhUsorRwZhX6+2CtlGa7orbwi13AKMsYndw==}
    engines: {node: '>= 10'}
    cpu: [arm64]
    os: [win32]

  '@node-rs/bcrypt-win32-ia32-msvc@1.9.0':
    resolution: {integrity: sha512-kqxalCvhs4FkN0+gWWfa4Bdy2NQAkfiqq/CEf6mNXC13RSV673Ev9V8sRlQyNpCHCNkeXfOT9pgoBdJmMs9muA==}
    engines: {node: '>= 10'}
    cpu: [ia32]
    os: [win32]

  '@node-rs/bcrypt-win32-x64-msvc@1.9.0':
    resolution: {integrity: sha512-2y0Tuo6ZAT2Cz8V7DHulSlv1Bip3zbzeXyeur+uR25IRNYXKvI/P99Zl85Fbuu/zzYAZRLLlGTRe6/9IHofe/w==}
    engines: {node: '>= 10'}
    cpu: [x64]
    os: [win32]

  '@node-rs/bcrypt@1.9.0':
    resolution: {integrity: sha512-u2OlIxW264bFUfvbFqDz9HZKFjwe8FHFtn7T/U8mYjPZ7DWYpbUB+/dkW/QgYfMSfR0ejkyuWaBBe0coW7/7ig==}
    engines: {node: '>= 10'}

  '@tybys/wasm-util@0.8.3':
    resolution: {integrity: sha512-Z96T/L6dUFFxgFJ+pQtkPpne9q7i6kIPYCFnQBHSgSPV9idTsKfIhCss0h5iM9irweZCatkrdeP8yi5uM1eX6Q==}

  '@tybys/wasm-util@0.9.0':
    resolution: {integrity: sha512-6+7nlbMVX/PVDCwaIQ8nTOPveOcFLSt8GcXdx8hD0bt39uWxYT88uXzqTd4fTvqta7oeUJqudepapKNt2DYJFw==}

  '@types/node@20.14.9':
    resolution: {integrity: sha512-06OCtnTXtWOZBJlRApleWndH4JsRVs1pDCc8dLSQp+7PpUpX3ePdHyeNSFTeSe7FtKyQkrlPvHwJOW3SLd8Oyg==}

  '@types/webidl-conversions@7.0.3':
    resolution: {integrity: sha512-CiJJvcRtIgzadHCYXw7dqEnMNRjhGZlYK05Mj9OyktqV8uVT8fD2BFOB7S1uwBE3Kj2Z+4UyPmFw/Ixgw/LAlA==}

  '@types/whatwg-url@11.0.5':
    resolution: {integrity: sha512-coYR071JRaHa+xoEvvYqvnIHaVqaYrLPbsufM9BF63HkwI5Lgmy2QR8Q5K/lYDYo5AK82wOvSOS0UsLTpTG7uQ==}

  bson@6.8.0:
    resolution: {integrity: sha512-iOJg8pr7wq2tg/zSlCCHMi3hMm5JTOxLTagf3zxhcenHsFp+c6uOs6K7W5UE7A4QIJGtqh/ZovFNMP4mOPJynQ==}
    engines: {node: '>=16.20.1'}

  debug@4.3.5:
    resolution: {integrity: sha512-pt0bNEmneDIvdL1Xsd9oDQ/wrQRkXDT4AUWlNZNPKvW5x/jyO9VFXkJUP07vQ2upmw5PlaITaPKc31jK13V+jg==}
    engines: {node: '>=6.0'}
    peerDependencies:
      supports-color: '*'
    peerDependenciesMeta:
      supports-color:
        optional: true

  dotenv@16.4.5:
    resolution: {integrity: sha512-ZmdL2rui+eB2YwhsWzjInR8LldtZHGDoQ1ugH85ppHKwpUHL7j7rN0Ti9NCnGiQbhaZ11FpR+7ao1dNsmduNUg==}
    engines: {node: '>=12'}

  esbuild@0.21.5:
    resolution: {integrity: sha512-mg3OPMV4hXywwpoDxu3Qda5xCKQi+vCTZq8S9J/EpkhB2HzKXq4SNFZE3+NK93JYxc8VMSep+lOUSC/RVKaBqw==}
    engines: {node: '>=12'}
    hasBin: true

  faker-js@1.0.0:
    resolution: {integrity: sha512-kaToadbN63LWhHjl69pqG+YHlxAK0aZAPhQDUpVP7v7+RG//ZpK0OzXjCwaAQq98awOii0WSHxtJmIz0X7/UqQ==}

  faker@6.6.6:
    resolution: {integrity: sha512-9tCqYEDHI5RYFQigXFwF1hnCwcWCOJl/hmll0lr5D2Ljjb0o4wphb69wikeJDz5qCEzXCoPvG6ss5SDP6IfOdg==}

  fs-monkey@1.0.6:
    resolution: {integrity: sha512-b1FMfwetIKymC0eioW7mTywihSQE4oLzQn1dB6rZB5fx/3NpNEdAWeCSMB+60/AeT0TCXsxzAlcYVEFCTAksWg==}

  fsevents@2.3.3:
    resolution: {integrity: sha512-5xoDfX+fL7faATnagmWPpbFtwh/R77WmMMqqHGS65C3vvB0YHrgF+B1YmZ3441tMj5n63k0212XNoJwzlhffQw==}
    engines: {node: ^8.16.0 || ^10.6.0 || >=11.0.0}
    os: [darwin]

  get-tsconfig@4.7.5:
    resolution: {integrity: sha512-ZCuZCnlqNzjb4QprAzXKdpp/gh6KTxSJuw3IBsPnV/7fV4NxC9ckB+vPTt8w7fJA0TaSD7c55BR47JD6MEDyDw==}

  hono@4.4.11:
    resolution: {integrity: sha512-R5RADpjoRsR3/VsnFovpsYNLPnC1f+FgdfsePk3qIgjb4D41Sg7uW5QCj41kzEOwXCjBg0sVvOZMvUNZ0DKB7g==}
    engines: {node: '>=16.0.0'}

  kareem@2.6.3:
    resolution: {integrity: sha512-C3iHfuGUXK2u8/ipq9LfjFfXFxAZMQJJq7vLS45r3D9Y2xQ/m4S8zaR4zMLFWh9AsNPXmcFfUDhTEO8UIC/V6Q==}
    engines: {node: '>=12.0.0'}

  lucia@3.2.0:
    resolution: {integrity: sha512-eXMxXwk6hqtjRTj4W/x3EnTUtAztLPm0p2N2TEBMDEbakDLXiYnDQ9z/qahjPdPdhPguQc+vwO0/88zIWxlpuw==}

  memfs-browser@3.5.10302:
    resolution: {integrity: sha512-JJTc/nh3ig05O0gBBGZjTCPOyydaTxNF0uHYBrcc1gHNnO+KIHIvo0Y1FKCJsaei6FCl8C6xfQomXqu+cuzkIw==}

  memfs@3.5.3:
    resolution: {integrity: sha512-UERzLsxzllchadvbPs5aolHh65ISpKpM+ccLbOJ8/vvpBKmAWf+la7dXFy7Mr0ySHbdHrFv5kGFCUHHe6GFEmw==}
    engines: {node: '>= 4.0.0'}

  memory-pager@1.5.0:
    resolution: {integrity: sha512-ZS4Bp4r/Zoeq6+NLJpP+0Zzm0pR8whtGPf1XExKLJBAczGMnSi3It14OiNCStjQjM6NU1okjQGSxgEZN8eBYKg==}

  mongodb-connection-string-url@3.0.1:
    resolution: {integrity: sha512-XqMGwRX0Lgn05TDB4PyG2h2kKO/FfWJyCzYQbIhXUxz7ETt0I/FqHjUeqj37irJ+Dl1ZtU82uYyj14u2XsZKfg==}

  mongodb@6.8.0:
    resolution: {integrity: sha512-HGQ9NWDle5WvwMnrvUxsFYPd3JEbqD3RgABHBQRuoCEND0qzhsd0iH5ypHsf1eJ+sXmvmyKpP+FLOKY8Il7jMw==}
    engines: {node: '>=16.20.1'}
    peerDependencies:
      '@aws-sdk/credential-providers': ^3.188.0
      '@mongodb-js/zstd': ^1.1.0
      gcp-metadata: ^5.2.0
      kerberos: ^2.0.1
      mongodb-client-encryption: '>=6.0.0 <7'
      snappy: ^7.2.2
      socks: ^2.7.1
    peerDependenciesMeta:
      '@aws-sdk/credential-providers':
        optional: true
      '@mongodb-js/zstd':
        optional: true
      gcp-metadata:
        optional: true
      kerberos:
        optional: true
      mongodb-client-encryption:
        optional: true
      snappy:
        optional: true
      socks:
        optional: true

  mongoose@8.6.1:
    resolution: {integrity: sha512-dppGcYqvsdg+VcnqXR5b467V4a+iNhmvkfYNpEPi6AjaUxnz6ioEDmrMLOi+sOWjvoHapuwPOigV4f2l7HC6ag==}
    engines: {node: '>=16.20.1'}

  mpath@0.9.0:
    resolution: {integrity: sha512-ikJRQTk8hw5DEoFVxHG1Gn9T/xcjtdnOKIU1JTmGjZZlg9LST2mBLmcX3/ICIbgJydT2GOc15RnNy5mHmzfSew==}
    engines: {node: '>=4.0.0'}

  mquery@5.0.0:
    resolution: {integrity: sha512-iQMncpmEK8R8ncT8HJGsGc9Dsp8xcgYMVSbs5jgnm1lFHTZqMJTUWTDx1LBO8+mK3tPNZWFLBghQEIOULSTHZg==}
    engines: {node: '>=14.0.0'}

  ms@2.1.2:
    resolution: {integrity: sha512-sGkPx+VjMtmA6MX27oA4FBFELFCZZ4S4XqeGOXCv68tT+jb3vk/RyaKWP0PTKyWtmLSM0b+adUTEvbs1PEaH2w==}

  ms@2.1.3:
    resolution: {integrity: sha512-6FlzubTLZG3J2a/NVCAleEhjzq5oxgHyaCU9yYXvcLsvoVaHJq/s5xXI6/XXP6tz7R9xAOtHnSO/tXtF3WRTlA==}

  oslo@1.2.0:
    resolution: {integrity: sha512-OoFX6rDsNcOQVAD2gQD/z03u4vEjWZLzJtwkmgfRF+KpQUXwdgEXErD7zNhyowmHwHefP+PM9Pw13pgpHMRlzw==}

  prettier@3.3.2:
    resolution: {integrity: sha512-rAVeHYMcv8ATV5d508CFdn+8/pHPpXeIid1DdrPwXnaAdH7cqjVbpJaT5eq4yRAFU/lsbwYwSF/n5iNrdJHPQA==}
    engines: {node: '>=14'}
    hasBin: true

  punycode@2.3.1:
    resolution: {integrity: sha512-vYt7UD1U9Wg6138shLtLOvdAu+8DsC/ilFtEVHcH+wydcSpNE20AfSOduf6MkRFahL5FY7X1oU7nKVZFtfq8Fg==}
    engines: {node: '>=6'}

  resolve-pkg-maps@1.0.0:
    resolution: {integrity: sha512-seS2Tj26TBVOC2NIc2rOe2y2ZO7efxITtLZcGSOnHHNOQ7CkiUBfw0Iw2ck6xkIhPwLhKNLS8BO+hEpngQlqzw==}

  sift@17.1.3:
    resolution: {integrity: sha512-Rtlj66/b0ICeFzYTuNvX/EF1igRbbnGSvEyT79McoZa/DeGhMyC5pWKOEsZKnpkqtSeovd5FL/bjHWC3CIIvCQ==}

  sparse-bitfield@3.0.3:
    resolution: {integrity: sha512-kvzhi7vqKTfkh0PZU+2D2PIllw2ymqJKujUcyPMd9Y75Nv4nPbGJZXNhxsgdQab2BmlDct1YnfQCguEvHr7VsQ==}

  tr46@4.1.1:
    resolution: {integrity: sha512-2lv/66T7e5yNyhAAC4NaKe5nVavzuGJQVVtRYLyQ2OI8tsJ61PMLlelehb0wi2Hx6+hT/OJUWZcw8MjlSRnxvw==}
    engines: {node: '>=14'}

  tslib@2.6.3:
    resolution: {integrity: sha512-xNvxJEOUiWPGhUuUdQgAJPKOOJfGnIyKySOc09XkKsgdUV/3E2zvwZYdejjmRgPCgcym1juLH3226yA7sEFJKQ==}

  tsx@4.16.2:
    resolution: {integrity: sha512-C1uWweJDgdtX2x600HjaFaucXTilT7tgUZHbOE4+ypskZ1OP8CRCSDkCxG6Vya9EwaFIVagWwpaVAn5wzypaqQ==}
    engines: {node: '>=18.0.0'}
    hasBin: true

  undici-types@5.26.5:
    resolution: {integrity: sha512-JlCMO+ehdEIKqlFxk6IfVoAUVmgz7cU7zD/h9XZ0qzeosSHmUJVOzSQvvYSYWXkFXC+IfLKSIffhv0sVZup6pA==}

  webidl-conversions@7.0.0:
    resolution: {integrity: sha512-VwddBukDzu71offAQR975unBIGqfKZpM+8ZX6ySk8nYhVoo5CYaZyzt3YBvYtRtO+aoGlqxPg/B87NGVZ/fu6g==}
    engines: {node: '>=12'}

  whatwg-url@13.0.0:
    resolution: {integrity: sha512-9WWbymnqj57+XEuqADHrCJ2eSXzn8WXIW/YSGaZtb2WKAInQ6CHfaUUcTyyver0p8BDg5StLQq8h1vtZuwmOig==}
    engines: {node: '>=16'}

  zod@3.23.8:
    resolution: {integrity: sha512-XBx9AXhXktjUqnepgTiE5flcKIYWi/rme0Eaj+5Y0lftuGBq+jyRu/md4WnuxqgP1ubdpNCsYEYPxrzVHD8d6g==}

snapshots:

  '@emnapi/core@0.45.0':
    dependencies:
      tslib: 2.6.3
    optional: true

  '@emnapi/core@1.2.0':
    dependencies:
      '@emnapi/wasi-threads': 1.0.1
      tslib: 2.6.3
    optional: true

  '@emnapi/runtime@0.45.0':
    dependencies:
      tslib: 2.6.3
    optional: true

  '@emnapi/runtime@1.2.0':
    dependencies:
      tslib: 2.6.3
    optional: true

  '@emnapi/wasi-threads@1.0.1':
    dependencies:
      tslib: 2.6.3
    optional: true

  '@esbuild/aix-ppc64@0.21.5':
    optional: true

  '@esbuild/android-arm64@0.21.5':
    optional: true

  '@esbuild/android-arm@0.21.5':
    optional: true

  '@esbuild/android-x64@0.21.5':
    optional: true

  '@esbuild/darwin-arm64@0.21.5':
    optional: true

  '@esbuild/darwin-x64@0.21.5':
    optional: true

  '@esbuild/freebsd-arm64@0.21.5':
    optional: true

  '@esbuild/freebsd-x64@0.21.5':
    optional: true

  '@esbuild/linux-arm64@0.21.5':
    optional: true

  '@esbuild/linux-arm@0.21.5':
    optional: true

  '@esbuild/linux-ia32@0.21.5':
    optional: true

  '@esbuild/linux-loong64@0.21.5':
    optional: true

  '@esbuild/linux-mips64el@0.21.5':
    optional: true

  '@esbuild/linux-ppc64@0.21.5':
    optional: true

  '@esbuild/linux-riscv64@0.21.5':
    optional: true

  '@esbuild/linux-s390x@0.21.5':
    optional: true

  '@esbuild/linux-x64@0.21.5':
    optional: true

  '@esbuild/netbsd-x64@0.21.5':
    optional: true

  '@esbuild/openbsd-x64@0.21.5':
    optional: true

  '@esbuild/sunos-x64@0.21.5':
    optional: true

  '@esbuild/win32-arm64@0.21.5':
    optional: true

  '@esbuild/win32-ia32@0.21.5':
    optional: true

  '@esbuild/win32-x64@0.21.5':
    optional: true

  '@faker-js/faker@8.4.1': {}

  '@hono/node-server@1.12.0': {}

  '@hono/zod-validator@0.2.2(hono@4.4.11)(zod@3.23.8)':
    dependencies:
      hono: 4.4.11
      zod: 3.23.8

  '@lucia-auth/adapter-drizzle@1.0.7(lucia@3.2.0)':
    dependencies:
      lucia: 3.2.0

  '@lucia-auth/adapter-mongodb@1.0.3(lucia@3.2.0)(mongodb@6.8.0)':
    dependencies:
      lucia: 3.2.0
      mongodb: 6.8.0

  '@lucia-auth/adapter-mongoose@3.0.1(lucia@3.2.0)(mongoose@8.6.1)':
    dependencies:
      lucia: 3.2.0
      mongoose: 8.6.1

  '@mongodb-js/saslprep@1.1.9':
    dependencies:
      sparse-bitfield: 3.0.3

  '@napi-rs/wasm-runtime@0.2.4':
    dependencies:
      '@emnapi/core': 1.2.0
      '@emnapi/runtime': 1.2.0
      '@tybys/wasm-util': 0.9.0
    optional: true

  '@node-rs/argon2-android-arm-eabi@1.7.0':
    optional: true

  '@node-rs/argon2-android-arm-eabi@1.8.3':
    optional: true

  '@node-rs/argon2-android-arm64@1.7.0':
    optional: true

  '@node-rs/argon2-android-arm64@1.8.3':
    optional: true

  '@node-rs/argon2-darwin-arm64@1.7.0':
    optional: true

  '@node-rs/argon2-darwin-arm64@1.8.3':
    optional: true

  '@node-rs/argon2-darwin-x64@1.7.0':
    optional: true

  '@node-rs/argon2-darwin-x64@1.8.3':
    optional: true

  '@node-rs/argon2-freebsd-x64@1.7.0':
    optional: true

  '@node-rs/argon2-freebsd-x64@1.8.3':
    optional: true

  '@node-rs/argon2-linux-arm-gnueabihf@1.7.0':
    optional: true

  '@node-rs/argon2-linux-arm-gnueabihf@1.8.3':
    optional: true

  '@node-rs/argon2-linux-arm64-gnu@1.7.0':
    optional: true

  '@node-rs/argon2-linux-arm64-gnu@1.8.3':
    optional: true

  '@node-rs/argon2-linux-arm64-musl@1.7.0':
    optional: true

  '@node-rs/argon2-linux-arm64-musl@1.8.3':
    optional: true

  '@node-rs/argon2-linux-x64-gnu@1.7.0':
    optional: true

  '@node-rs/argon2-linux-x64-gnu@1.8.3':
    optional: true

  '@node-rs/argon2-linux-x64-musl@1.7.0':
    optional: true

  '@node-rs/argon2-linux-x64-musl@1.8.3':
    optional: true

  '@node-rs/argon2-wasm32-wasi@1.7.0':
    dependencies:
      '@emnapi/core': 0.45.0
      '@emnapi/runtime': 0.45.0
      '@tybys/wasm-util': 0.8.3
      memfs-browser: 3.5.10302
    optional: true

  '@node-rs/argon2-wasm32-wasi@1.8.3':
    dependencies:
      '@napi-rs/wasm-runtime': 0.2.4
    optional: true

  '@node-rs/argon2-win32-arm64-msvc@1.7.0':
    optional: true

  '@node-rs/argon2-win32-arm64-msvc@1.8.3':
    optional: true

  '@node-rs/argon2-win32-ia32-msvc@1.7.0':
    optional: true

  '@node-rs/argon2-win32-ia32-msvc@1.8.3':
    optional: true

  '@node-rs/argon2-win32-x64-msvc@1.7.0':
    optional: true

  '@node-rs/argon2-win32-x64-msvc@1.8.3':
    optional: true

  '@node-rs/argon2@1.7.0':
    optionalDependencies:
      '@node-rs/argon2-android-arm-eabi': 1.7.0
      '@node-rs/argon2-android-arm64': 1.7.0
      '@node-rs/argon2-darwin-arm64': 1.7.0
      '@node-rs/argon2-darwin-x64': 1.7.0
      '@node-rs/argon2-freebsd-x64': 1.7.0
      '@node-rs/argon2-linux-arm-gnueabihf': 1.7.0
      '@node-rs/argon2-linux-arm64-gnu': 1.7.0
      '@node-rs/argon2-linux-arm64-musl': 1.7.0
      '@node-rs/argon2-linux-x64-gnu': 1.7.0
      '@node-rs/argon2-linux-x64-musl': 1.7.0
      '@node-rs/argon2-wasm32-wasi': 1.7.0
      '@node-rs/argon2-win32-arm64-msvc': 1.7.0
      '@node-rs/argon2-win32-ia32-msvc': 1.7.0
      '@node-rs/argon2-win32-x64-msvc': 1.7.0

  '@node-rs/argon2@1.8.3':
    optionalDependencies:
      '@node-rs/argon2-android-arm-eabi': 1.8.3
      '@node-rs/argon2-android-arm64': 1.8.3
      '@node-rs/argon2-darwin-arm64': 1.8.3
      '@node-rs/argon2-darwin-x64': 1.8.3
      '@node-rs/argon2-freebsd-x64': 1.8.3
      '@node-rs/argon2-linux-arm-gnueabihf': 1.8.3
      '@node-rs/argon2-linux-arm64-gnu': 1.8.3
      '@node-rs/argon2-linux-arm64-musl': 1.8.3
      '@node-rs/argon2-linux-x64-gnu': 1.8.3
      '@node-rs/argon2-linux-x64-musl': 1.8.3
      '@node-rs/argon2-wasm32-wasi': 1.8.3
      '@node-rs/argon2-win32-arm64-msvc': 1.8.3
      '@node-rs/argon2-win32-ia32-msvc': 1.8.3
      '@node-rs/argon2-win32-x64-msvc': 1.8.3

  '@node-rs/bcrypt-android-arm-eabi@1.9.0':
    optional: true

  '@node-rs/bcrypt-android-arm64@1.9.0':
    optional: true

  '@node-rs/bcrypt-darwin-arm64@1.9.0':
    optional: true

  '@node-rs/bcrypt-darwin-x64@1.9.0':
    optional: true

  '@node-rs/bcrypt-freebsd-x64@1.9.0':
    optional: true

  '@node-rs/bcrypt-linux-arm-gnueabihf@1.9.0':
    optional: true

  '@node-rs/bcrypt-linux-arm64-gnu@1.9.0':
    optional: true

  '@node-rs/bcrypt-linux-arm64-musl@1.9.0':
    optional: true

  '@node-rs/bcrypt-linux-x64-gnu@1.9.0':
    optional: true

  '@node-rs/bcrypt-linux-x64-musl@1.9.0':
    optional: true

  '@node-rs/bcrypt-wasm32-wasi@1.9.0':
    dependencies:
      '@emnapi/core': 0.45.0
      '@emnapi/runtime': 0.45.0
      '@tybys/wasm-util': 0.8.3
      memfs-browser: 3.5.10302
    optional: true

  '@node-rs/bcrypt-win32-arm64-msvc@1.9.0':
    optional: true

  '@node-rs/bcrypt-win32-ia32-msvc@1.9.0':
    optional: true

  '@node-rs/bcrypt-win32-x64-msvc@1.9.0':
    optional: true

  '@node-rs/bcrypt@1.9.0':
    optionalDependencies:
      '@node-rs/bcrypt-android-arm-eabi': 1.9.0
      '@node-rs/bcrypt-android-arm64': 1.9.0
      '@node-rs/bcrypt-darwin-arm64': 1.9.0
      '@node-rs/bcrypt-darwin-x64': 1.9.0
      '@node-rs/bcrypt-freebsd-x64': 1.9.0
      '@node-rs/bcrypt-linux-arm-gnueabihf': 1.9.0
      '@node-rs/bcrypt-linux-arm64-gnu': 1.9.0
      '@node-rs/bcrypt-linux-arm64-musl': 1.9.0
      '@node-rs/bcrypt-linux-x64-gnu': 1.9.0
      '@node-rs/bcrypt-linux-x64-musl': 1.9.0
      '@node-rs/bcrypt-wasm32-wasi': 1.9.0
      '@node-rs/bcrypt-win32-arm64-msvc': 1.9.0
      '@node-rs/bcrypt-win32-ia32-msvc': 1.9.0
      '@node-rs/bcrypt-win32-x64-msvc': 1.9.0

  '@tybys/wasm-util@0.8.3':
    dependencies:
      tslib: 2.6.3
    optional: true

  '@tybys/wasm-util@0.9.0':
    dependencies:
      tslib: 2.6.3
    optional: true

  '@types/node@20.14.9':
    dependencies:
      undici-types: 5.26.5

  '@types/webidl-conversions@7.0.3': {}

  '@types/whatwg-url@11.0.5':
    dependencies:
      '@types/webidl-conversions': 7.0.3

  bson@6.8.0: {}

  debug@4.3.5:
    dependencies:
      ms: 2.1.2

  dotenv@16.4.5: {}

  esbuild@0.21.5:
    optionalDependencies:
      '@esbuild/aix-ppc64': 0.21.5
      '@esbuild/android-arm': 0.21.5
      '@esbuild/android-arm64': 0.21.5
      '@esbuild/android-x64': 0.21.5
      '@esbuild/darwin-arm64': 0.21.5
      '@esbuild/darwin-x64': 0.21.5
      '@esbuild/freebsd-arm64': 0.21.5
      '@esbuild/freebsd-x64': 0.21.5
      '@esbuild/linux-arm': 0.21.5
      '@esbuild/linux-arm64': 0.21.5
      '@esbuild/linux-ia32': 0.21.5
      '@esbuild/linux-loong64': 0.21.5
      '@esbuild/linux-mips64el': 0.21.5
      '@esbuild/linux-ppc64': 0.21.5
      '@esbuild/linux-riscv64': 0.21.5
      '@esbuild/linux-s390x': 0.21.5
      '@esbuild/linux-x64': 0.21.5
      '@esbuild/netbsd-x64': 0.21.5
      '@esbuild/openbsd-x64': 0.21.5
      '@esbuild/sunos-x64': 0.21.5
      '@esbuild/win32-arm64': 0.21.5
      '@esbuild/win32-ia32': 0.21.5
      '@esbuild/win32-x64': 0.21.5

  faker-js@1.0.0: {}

  faker@6.6.6: {}

  fs-monkey@1.0.6:
    optional: true

  fsevents@2.3.3:
    optional: true

  get-tsconfig@4.7.5:
    dependencies:
      resolve-pkg-maps: 1.0.0

  hono@4.4.11: {}

  kareem@2.6.3: {}

  lucia@3.2.0:
    dependencies:
      oslo: 1.2.0

  memfs-browser@3.5.10302:
    dependencies:
      memfs: 3.5.3
    optional: true

  memfs@3.5.3:
    dependencies:
      fs-monkey: 1.0.6
    optional: true

  memory-pager@1.5.0: {}

  mongodb-connection-string-url@3.0.1:
    dependencies:
      '@types/whatwg-url': 11.0.5
      whatwg-url: 13.0.0

  mongodb@6.8.0:
    dependencies:
      '@mongodb-js/saslprep': 1.1.9
      bson: 6.8.0
      mongodb-connection-string-url: 3.0.1

  mongoose@8.6.1:
    dependencies:
      bson: 6.8.0
      kareem: 2.6.3
      mongodb: 6.8.0
      mpath: 0.9.0
      mquery: 5.0.0
      ms: 2.1.3
      sift: 17.1.3
    transitivePeerDependencies:
      - '@aws-sdk/credential-providers'
      - '@mongodb-js/zstd'
      - gcp-metadata
      - kerberos
      - mongodb-client-encryption
      - snappy
      - socks
      - supports-color

  mpath@0.9.0: {}

  mquery@5.0.0:
    dependencies:
      debug: 4.3.5
    transitivePeerDependencies:
      - supports-color

  ms@2.1.2: {}

  ms@2.1.3: {}

  oslo@1.2.0:
    dependencies:
      '@node-rs/argon2': 1.7.0
      '@node-rs/bcrypt': 1.9.0

  prettier@3.3.2: {}

  punycode@2.3.1: {}

  resolve-pkg-maps@1.0.0: {}

  sift@17.1.3: {}

  sparse-bitfield@3.0.3:
    dependencies:
      memory-pager: 1.5.0

  tr46@4.1.1:
    dependencies:
      punycode: 2.3.1

  tslib@2.6.3:
    optional: true

  tsx@4.16.2:
    dependencies:
      esbuild: 0.21.5
      get-tsconfig: 4.7.5
    optionalDependencies:
      fsevents: 2.3.3

  undici-types@5.26.5: {}

  webidl-conversions@7.0.0: {}

  whatwg-url@13.0.0:
    dependencies:
      tr46: 4.1.1
      webidl-conversions: 7.0.0

  zod@3.23.8: {}
